
Microsoft Visual Studio Solution File, Format Version 12.00
# Visual Studio Version 16
VisualStudioVersion = 16.0.29613.14
MinimumVisualStudioVersion = 10.0.40219.1
Project("{2150E333-8FDC-42A3-9474-1A3956D46DE8}") = "StructureAlgorithm", "StructureAlgorithm", "{3EFA1788-E8F1-4C8A-82F7-DFBA43683266}"
EndProject
Project("{FAE04EC0-301F-11D3-BF4B-00C04F79EFBC}") = "Structure", "Structure\Structure.csproj", "{90D4B41D-FC4F-445A-941A-0B2A44822D72}"
EndProject
Global
	GlobalSection(SolutionConfigurationPlatforms) = preSolution
		Debug|Any CPU = Debug|Any CPU
		Release|Any CPU = Release|Any CPU
	EndGlobalSection
	GlobalSection(ProjectConfigurationPlatforms) = postSolution
		{90D4B41D-FC4F-445A-941A-0B2A44822D72}.Debug|Any CPU.ActiveCfg = Debug|Any CPU
		{90D4B41D-FC4F-445A-941A-0B2A44822D72}.Debug|Any CPU.Build.0 = Debug|Any CPU
		{90D4B41D-FC4F-445A-941A-0B2A44822D72}.Release|Any CPU.ActiveCfg = Release|Any CPU
		{90D4B41D-FC4F-445A-941A-0B2A44822D72}.Release|Any CPU.Build.0 = Release|Any CPU
	EndGlobalSection
	GlobalSection(SolutionProperties) = preSolution
		HideSolutionNode = FALSE
	EndGlobalSection
	GlobalSection(NestedProjects) = preSolution
		{90D4B41D-FC4F-445A-941A-0B2A44822D72} = {3EFA1788-E8F1-4C8A-82F7-DFBA43683266}
	EndGlobalSection
	GlobalSection(ExtensibilityGlobals) = postSolution
		SolutionGuid = {48A2D3D9-96C6-44F1-8563-B394833DEAB6}
	EndGlobalSection
EndGlobal
